
Microsoft Visual Studio Solution File, Format Version 12.00
# Visual Studio Version 17
VisualStudioVersion = 17.14.36518.9 d17.14
MinimumVisualStudioVersion = 10.0.40219.1
Project("{FAE04EC0-301F-11D3-BF4B-00C04F79EFBC}") = "HospitalManagementSystem", "HospitalManagementSystem\HospitalManagementSystem.csproj", "{C5A07130-E39B-49EE-B4A2-584676369C7A}"
EndProject
Global
	GlobalSection(SolutionConfigurationPlatforms) = preSolution
		Debug|Any CPU = Debug|Any CPU
		Release|Any CPU = Release|Any CPU
	EndGlobalSection
	GlobalSection(ProjectConfigurationPlatforms) = postSolution
		{C5A07130-E39B-49EE-B4A2-584676369C7A}.Debug|Any CPU.ActiveCfg = Debug|Any CPU
		{C5A07130-E39B-49EE-B4A2-584676369C7A}.Debug|Any CPU.Build.0 = Debug|Any CPU
		{C5A07130-E39B-49EE-B4A2-584676369C7A}.Release|Any CPU.ActiveCfg = Release|Any CPU
		{C5A07130-E39B-49EE-B4A2-584676369C7A}.Release|Any CPU.Build.0 = Release|Any CPU
	EndGlobalSection
	GlobalSection(SolutionProperties) = preSolution
		HideSolutionNode = FALSE
	EndGlobalSection
	GlobalSection(ExtensibilityGlobals) = postSolution
		SolutionGuid = {76B0E03D-AE7C-43D8-B129-42859706C258}
	EndGlobalSection
EndGlobal
